
Microsoft Visual Studio Solution File, Format Version 12.00
# Visual Studio Version 17
VisualStudioVersion = 17.14.36518.9 d17.14
MinimumVisualStudioVersion = 10.0.40219.1
Project("{FAE04EC0-301F-11D3-BF4B-00C04F79EFBC}") = "DB2Ejemplo", "DB2Ejemplo\DB2Ejemplo.csproj", "{21607346-88B6-47A0-A810-DC1ECDC08317}"
EndProject
Global
	GlobalSection(SolutionConfigurationPlatforms) = preSolution
		Debug|Any CPU = Debug|Any CPU
		Release|Any CPU = Release|Any CPU
	EndGlobalSection
	GlobalSection(ProjectConfigurationPlatforms) = postSolution
		{21607346-88B6-47A0-A810-DC1ECDC08317}.Debug|Any CPU.ActiveCfg = Debug|Any CPU
		{21607346-88B6-47A0-A810-DC1ECDC08317}.Debug|Any CPU.Build.0 = Debug|Any CPU
		{21607346-88B6-47A0-A810-DC1ECDC08317}.Release|Any CPU.ActiveCfg = Release|Any CPU
		{21607346-88B6-47A0-A810-DC1ECDC08317}.Release|Any CPU.Build.0 = Release|Any CPU
	EndGlobalSection
	GlobalSection(SolutionProperties) = preSolution
		HideSolutionNode = FALSE
	EndGlobalSection
	GlobalSection(ExtensibilityGlobals) = postSolution
		SolutionGuid = {A0C37217-268B-441D-93BC-2CEED6DACA3C}
	EndGlobalSection
EndGlobal
